
Microsoft Visual Studio Solution File, Format Version 12.00
# Visual Studio Version 16
VisualStudioVersion = 16.0.32407.337
MinimumVisualStudioVersion = 10.0.40219.1
Project("{8BC9CEB8-8B4A-11D0-8D11-00A0C91BC942}") = "lab3.3A(oop)", "lab3.3A(oop).vcxproj", "{94854897-8649-4948-B766-D2582F3E8287}"
EndProject
Project("{8BC9CEB8-8B4A-11D0-8D11-00A0C91BC942}") = "UnitTest2", "..\UnitTest2\UnitTest2.vcxproj", "{EAEEFEEA-DE36-43CF-A5D2-CDF980AF4AB8}"
EndProject
Global
	GlobalSection(SolutionConfigurationPlatforms) = preSolution
		Debug|x64 = Debug|x64
		Debug|x86 = Debug|x86
		Release|x64 = Release|x64
		Release|x86 = Release|x86
	EndGlobalSection
	GlobalSection(ProjectConfigurationPlatforms) = postSolution
		{94854897-8649-4948-B766-D2582F3E8287}.Debug|x64.ActiveCfg = Debug|x64
		{94854897-8649-4948-B766-D2582F3E8287}.Debug|x64.Build.0 = Debug|x64
		{94854897-8649-4948-B766-D2582F3E8287}.Debug|x86.ActiveCfg = Debug|Win32
		{94854897-8649-4948-B766-D2582F3E8287}.Debug|x86.Build.0 = Debug|Win32
		{94854897-8649-4948-B766-D2582F3E8287}.Release|x64.ActiveCfg = Release|x64
		{94854897-8649-4948-B766-D2582F3E8287}.Release|x64.Build.0 = Release|x64
		{94854897-8649-4948-B766-D2582F3E8287}.Release|x86.ActiveCfg = Release|Win32
		{94854897-8649-4948-B766-D2582F3E8287}.Release|x86.Build.0 = Release|Win32
		{EAEEFEEA-DE36-43CF-A5D2-CDF980AF4AB8}.Debug|x64.ActiveCfg = Debug|x64
		{EAEEFEEA-DE36-43CF-A5D2-CDF980AF4AB8}.Debug|x64.Build.0 = Debug|x64
		{EAEEFEEA-DE36-43CF-A5D2-CDF980AF4AB8}.Debug|x86.ActiveCfg = Debug|Win32
		{EAEEFEEA-DE36-43CF-A5D2-CDF980AF4AB8}.Debug|x86.Build.0 = Debug|Win32
		{EAEEFEEA-DE36-43CF-A5D2-CDF980AF4AB8}.Release|x64.ActiveCfg = Release|x64
		{EAEEFEEA-DE36-43CF-A5D2-CDF980AF4AB8}.Release|x64.Build.0 = Release|x64
		{EAEEFEEA-DE36-43CF-A5D2-CDF980AF4AB8}.Release|x86.ActiveCfg = Release|Win32
		{EAEEFEEA-DE36-43CF-A5D2-CDF980AF4AB8}.Release|x86.Build.0 = Release|Win32
	EndGlobalSection
	GlobalSection(SolutionProperties) = preSolution
		HideSolutionNode = FALSE
	EndGlobalSection
	GlobalSection(ExtensibilityGlobals) = postSolution
		SolutionGuid = {12638BE2-AB1F-4F59-A1BB-F16A86889A18}
	EndGlobalSection
EndGlobal
